
Microsoft Visual Studio Solution File, Format Version 12.00
# Visual Studio Version 17
VisualStudioVersion = 17.4.33205.214
MinimumVisualStudioVersion = 10.0.40219.1
Project("{FAE04EC0-301F-11D3-BF4B-00C04F79EFBC}") = "MultiNodes", "MultiNodes.csproj", "{29CA0699-3C9C-43F1-B730-B19528A905AD}"
EndProject
Global
	GlobalSection(SolutionConfigurationPlatforms) = preSolution
		Debug|Any CPU = Debug|Any CPU
		Release|Any CPU = Release|Any CPU
	EndGlobalSection
	GlobalSection(ProjectConfigurationPlatforms) = postSolution
		{29CA0699-3C9C-43F1-B730-B19528A905AD}.Debug|Any CPU.ActiveCfg = Debug|Any CPU
		{29CA0699-3C9C-43F1-B730-B19528A905AD}.Debug|Any CPU.Build.0 = Debug|Any CPU
		{29CA0699-3C9C-43F1-B730-B19528A905AD}.Release|Any CPU.ActiveCfg = Release|Any CPU
		{29CA0699-3C9C-43F1-B730-B19528A905AD}.Release|Any CPU.Build.0 = Release|Any CPU
	EndGlobalSection
	GlobalSection(SolutionProperties) = preSolution
		HideSolutionNode = FALSE
	EndGlobalSection
	GlobalSection(ExtensibilityGlobals) = postSolution
		SolutionGuid = {5AA89C91-5A4F-4195-A911-D22F01226188}
	EndGlobalSection
EndGlobal
